<Solution>
  <Folder Name="/Solution Items/">
    <File Path=".gitignore" />
  </Folder>
  <Project Path="STORE.API/Store.API.csproj" />
  <Project Path="Store.Application/Store.Application.csproj" />
  <Project Path="Store.Domain/Store.Domain.csproj" />
  <Project Path="Store.Infrastructure/Store.Infrastructure.csproj" />
</Solution>
